
Microsoft Visual Studio Solution File, Format Version 12.00
# Visual Studio Version 16
VisualStudioVersion = 16.0.30406.217
MinimumVisualStudioVersion = 10.0.40219.1
Project("{9A19103F-16F7-4668-BE54-9A1E7A4F7556}") = "BotWhatsapp", "BotWhatsapp\BotWhatsapp.csproj", "{42502B98-1B2A-4446-B35D-020CD36A3F4D}"
EndProject
Project("{2150E333-8FDC-42A3-9474-1A3956D46DE8}") = "Solution Items", "Solution Items", "{470C98AD-649D-444F-8698-86A8754F6909}"
	ProjectSection(SolutionItems) = preProject
		.editorconfig = .editorconfig
	EndProjectSection
EndProject
Global
	GlobalSection(SolutionConfigurationPlatforms) = preSolution
		Debug|Any CPU = Debug|Any CPU
		Release|Any CPU = Release|Any CPU
	EndGlobalSection
	GlobalSection(ProjectConfigurationPlatforms) = postSolution
		{42502B98-1B2A-4446-B35D-020CD36A3F4D}.Debug|Any CPU.ActiveCfg = Debug|Any CPU
		{42502B98-1B2A-4446-B35D-020CD36A3F4D}.Debug|Any CPU.Build.0 = Debug|Any CPU
		{42502B98-1B2A-4446-B35D-020CD36A3F4D}.Release|Any CPU.ActiveCfg = Release|Any CPU
		{42502B98-1B2A-4446-B35D-020CD36A3F4D}.Release|Any CPU.Build.0 = Release|Any CPU
	EndGlobalSection
	GlobalSection(SolutionProperties) = preSolution
		HideSolutionNode = FALSE
	EndGlobalSection
	GlobalSection(ExtensibilityGlobals) = postSolution
		SolutionGuid = {E9B78941-4175-4054-99C9-4F9B41DA02C7}
	EndGlobalSection
EndGlobal
